
Microsoft Visual Studio Solution File, Format Version 12.00
# Visual Studio 15
VisualStudioVersion = 15.0.26730.16
MinimumVisualStudioVersion = 10.0.40219.1
Project("{FAE04EC0-301F-11D3-BF4B-00C04F79EFBC}") = "ElevenNote.Web", "ElevenNote.Web\ElevenNote.Web.csproj", "{CA6B0E76-CF1B-4C33-8A2C-3D93B2C5FD65}"
EndProject
Project("{FAE04EC0-301F-11D3-BF4B-00C04F79EFBC}") = "ElevenNote.Data", "ElevenNote.Data\ElevenNote.Data.csproj", "{BF53B44F-5CB5-4025-9939-58578563B9A8}"
EndProject
Project("{FAE04EC0-301F-11D3-BF4B-00C04F79EFBC}") = "ElevenNote.Services", "ElevenNote.Services\ElevenNote.Services.csproj", "{09C1A1D1-7B12-43B6-9D4D-2A1CD3D8191C}"
EndProject
Project("{FAE04EC0-301F-11D3-BF4B-00C04F79EFBC}") = "ElevenNote.Models", "ElevenNote.Models\ElevenNote.Models.csproj", "{25622607-BF29-447D-8D14-851BA6BFB032}"
EndProject
Global
	GlobalSection(SolutionConfigurationPlatforms) = preSolution
		Debug|Any CPU = Debug|Any CPU
		Release|Any CPU = Release|Any CPU
	EndGlobalSection
	GlobalSection(ProjectConfigurationPlatforms) = postSolution
		{CA6B0E76-CF1B-4C33-8A2C-3D93B2C5FD65}.Debug|Any CPU.ActiveCfg = Debug|Any CPU
		{CA6B0E76-CF1B-4C33-8A2C-3D93B2C5FD65}.Debug|Any CPU.Build.0 = Debug|Any CPU
		{CA6B0E76-CF1B-4C33-8A2C-3D93B2C5FD65}.Release|Any CPU.ActiveCfg = Release|Any CPU
		{CA6B0E76-CF1B-4C33-8A2C-3D93B2C5FD65}.Release|Any CPU.Build.0 = Release|Any CPU
		{BF53B44F-5CB5-4025-9939-58578563B9A8}.Debug|Any CPU.ActiveCfg = Debug|Any CPU
		{BF53B44F-5CB5-4025-9939-58578563B9A8}.Debug|Any CPU.Build.0 = Debug|Any CPU
		{BF53B44F-5CB5-4025-9939-58578563B9A8}.Release|Any CPU.ActiveCfg = Release|Any CPU
		{BF53B44F-5CB5-4025-9939-58578563B9A8}.Release|Any CPU.Build.0 = Release|Any CPU
		{09C1A1D1-7B12-43B6-9D4D-2A1CD3D8191C}.Debug|Any CPU.ActiveCfg = Debug|Any CPU
		{09C1A1D1-7B12-43B6-9D4D-2A1CD3D8191C}.Debug|Any CPU.Build.0 = Debug|Any CPU
		{09C1A1D1-7B12-43B6-9D4D-2A1CD3D8191C}.Release|Any CPU.ActiveCfg = Release|Any CPU
		{09C1A1D1-7B12-43B6-9D4D-2A1CD3D8191C}.Release|Any CPU.Build.0 = Release|Any CPU
		{25622607-BF29-447D-8D14-851BA6BFB032}.Debug|Any CPU.ActiveCfg = Debug|Any CPU
		{25622607-BF29-447D-8D14-851BA6BFB032}.Debug|Any CPU.Build.0 = Debug|Any CPU
		{25622607-BF29-447D-8D14-851BA6BFB032}.Release|Any CPU.ActiveCfg = Release|Any CPU
		{25622607-BF29-447D-8D14-851BA6BFB032}.Release|Any CPU.Build.0 = Release|Any CPU
	EndGlobalSection
	GlobalSection(SolutionProperties) = preSolution
		HideSolutionNode = FALSE
	EndGlobalSection
	GlobalSection(ExtensibilityGlobals) = postSolution
		SolutionGuid = {A8BCCABE-BD80-41F0-9853-6E8BDB7879BB}
	EndGlobalSection
EndGlobal
